
Microsoft Visual Studio Solution File, Format Version 12.00
# Visual Studio Version 17
VisualStudioVersion = 17.4.33110.190
MinimumVisualStudioVersion = 10.0.40219.1
Project("{9092AA53-FB77-4645-B42D-1CCCA6BD08BD}") = "Proyecto-Final", "Proyecto-Final\Proyecto-Final.njsproj", "{CA3BB420-A472-4778-8836-25478E27E861}"
EndProject
Global
	GlobalSection(SolutionConfigurationPlatforms) = preSolution
		Debug|Any CPU = Debug|Any CPU
		Release|Any CPU = Release|Any CPU
	EndGlobalSection
	GlobalSection(ProjectConfigurationPlatforms) = postSolution
		{CA3BB420-A472-4778-8836-25478E27E861}.Debug|Any CPU.ActiveCfg = Debug|Any CPU
		{CA3BB420-A472-4778-8836-25478E27E861}.Debug|Any CPU.Build.0 = Debug|Any CPU
		{CA3BB420-A472-4778-8836-25478E27E861}.Release|Any CPU.ActiveCfg = Release|Any CPU
		{CA3BB420-A472-4778-8836-25478E27E861}.Release|Any CPU.Build.0 = Release|Any CPU
	EndGlobalSection
	GlobalSection(SolutionProperties) = preSolution
		HideSolutionNode = FALSE
	EndGlobalSection
	GlobalSection(ExtensibilityGlobals) = postSolution
		SolutionGuid = {6359C685-D067-485E-AACC-08B8E9B5CC45}
	EndGlobalSection
EndGlobal
